
Microsoft Visual Studio Solution File, Format Version 12.00
# Visual Studio Version 16
VisualStudioVersion = 16.0.29728.190
MinimumVisualStudioVersion = 10.0.40219.1
Project("{FAE04EC0-301F-11D3-BF4B-00C04F79EFBC}") = "PRSPractice", "PRSPractice\PRSPractice.csproj", "{9007DEA6-3407-4CEC-B4DC-A8A0EAC3B1C5}"
EndProject
Project("{FAE04EC0-301F-11D3-BF4B-00C04F79EFBC}") = "PRSPracticeLibrary", "PRSPracticeLibrary\PRSPracticeLibrary.csproj", "{F05AE4E1-9F9B-4CB8-A949-E3FA6CF193C9}"
EndProject
Global
	GlobalSection(SolutionConfigurationPlatforms) = preSolution
		Debug|Any CPU = Debug|Any CPU
		Release|Any CPU = Release|Any CPU
	EndGlobalSection
	GlobalSection(ProjectConfigurationPlatforms) = postSolution
		{9007DEA6-3407-4CEC-B4DC-A8A0EAC3B1C5}.Debug|Any CPU.ActiveCfg = Debug|Any CPU
		{9007DEA6-3407-4CEC-B4DC-A8A0EAC3B1C5}.Debug|Any CPU.Build.0 = Debug|Any CPU
		{9007DEA6-3407-4CEC-B4DC-A8A0EAC3B1C5}.Release|Any CPU.ActiveCfg = Release|Any CPU
		{9007DEA6-3407-4CEC-B4DC-A8A0EAC3B1C5}.Release|Any CPU.Build.0 = Release|Any CPU
		{F05AE4E1-9F9B-4CB8-A949-E3FA6CF193C9}.Debug|Any CPU.ActiveCfg = Debug|Any CPU
		{F05AE4E1-9F9B-4CB8-A949-E3FA6CF193C9}.Debug|Any CPU.Build.0 = Debug|Any CPU
		{F05AE4E1-9F9B-4CB8-A949-E3FA6CF193C9}.Release|Any CPU.ActiveCfg = Release|Any CPU
		{F05AE4E1-9F9B-4CB8-A949-E3FA6CF193C9}.Release|Any CPU.Build.0 = Release|Any CPU
	EndGlobalSection
	GlobalSection(SolutionProperties) = preSolution
		HideSolutionNode = FALSE
	EndGlobalSection
	GlobalSection(ExtensibilityGlobals) = postSolution
		SolutionGuid = {F426443D-BA08-4E5C-95AF-FBE3D9CAA11A}
	EndGlobalSection
EndGlobal
